
Microsoft Visual Studio Solution File, Format Version 12.00
# Visual Studio Version 16
VisualStudioVersion = 16.0.31005.135
MinimumVisualStudioVersion = 10.0.40219.1
Project("{9A19103F-16F7-4668-BE54-9A1E7A4F7556}") = "OOP1", "OOP1\OOP1.csproj", "{7A51D408-093B-42CF-B9CA-FD1AA635A029}"
EndProject
Project("{9A19103F-16F7-4668-BE54-9A1E7A4F7556}") = "Koleksiyonlar", "Koleksiyonlar\Koleksiyonlar.csproj", "{C7CAC948-98FD-441E-89E9-36BBEF22F428}"
EndProject
Project("{9A19103F-16F7-4668-BE54-9A1E7A4F7556}") = "GenericsIntro", "GenericsIntro\GenericsIntro.csproj", "{0EF55C9E-68B2-4BD5-B18C-E021330086C7}"
EndProject
Project("{FAE04EC0-301F-11D3-BF4B-00C04F79EFBC}") = "ödev4", "ödev4\ödev4.csproj", "{1BD0704D-0CD3-420D-B972-308D25DFD51F}"
EndProject
Project("{FAE04EC0-301F-11D3-BF4B-00C04F79EFBC}") = "OOP2", "OOP2\OOP2.csproj", "{8CDBF5DB-0BEA-4F10-9AD6-821D14DB1C39}"
EndProject
Project("{FAE04EC0-301F-11D3-BF4B-00C04F79EFBC}") = "OOP3", "OOP3\OOP3.csproj", "{D4CEDA86-D0CF-4962-BE7C-6D7845F65D1C}"
EndProject
Global
	GlobalSection(SolutionConfigurationPlatforms) = preSolution
		Debug|Any CPU = Debug|Any CPU
		Release|Any CPU = Release|Any CPU
	EndGlobalSection
	GlobalSection(ProjectConfigurationPlatforms) = postSolution
		{7A51D408-093B-42CF-B9CA-FD1AA635A029}.Debug|Any CPU.ActiveCfg = Debug|Any CPU
		{7A51D408-093B-42CF-B9CA-FD1AA635A029}.Debug|Any CPU.Build.0 = Debug|Any CPU
		{7A51D408-093B-42CF-B9CA-FD1AA635A029}.Release|Any CPU.ActiveCfg = Release|Any CPU
		{7A51D408-093B-42CF-B9CA-FD1AA635A029}.Release|Any CPU.Build.0 = Release|Any CPU
		{C7CAC948-98FD-441E-89E9-36BBEF22F428}.Debug|Any CPU.ActiveCfg = Debug|Any CPU
		{C7CAC948-98FD-441E-89E9-36BBEF22F428}.Debug|Any CPU.Build.0 = Debug|Any CPU
		{C7CAC948-98FD-441E-89E9-36BBEF22F428}.Release|Any CPU.ActiveCfg = Release|Any CPU
		{C7CAC948-98FD-441E-89E9-36BBEF22F428}.Release|Any CPU.Build.0 = Release|Any CPU
		{0EF55C9E-68B2-4BD5-B18C-E021330086C7}.Debug|Any CPU.ActiveCfg = Debug|Any CPU
		{0EF55C9E-68B2-4BD5-B18C-E021330086C7}.Debug|Any CPU.Build.0 = Debug|Any CPU
		{0EF55C9E-68B2-4BD5-B18C-E021330086C7}.Release|Any CPU.ActiveCfg = Release|Any CPU
		{0EF55C9E-68B2-4BD5-B18C-E021330086C7}.Release|Any CPU.Build.0 = Release|Any CPU
		{1BD0704D-0CD3-420D-B972-308D25DFD51F}.Debug|Any CPU.ActiveCfg = Debug|Any CPU
		{1BD0704D-0CD3-420D-B972-308D25DFD51F}.Debug|Any CPU.Build.0 = Debug|Any CPU
		{1BD0704D-0CD3-420D-B972-308D25DFD51F}.Release|Any CPU.ActiveCfg = Release|Any CPU
		{1BD0704D-0CD3-420D-B972-308D25DFD51F}.Release|Any CPU.Build.0 = Release|Any CPU
		{8CDBF5DB-0BEA-4F10-9AD6-821D14DB1C39}.Debug|Any CPU.ActiveCfg = Debug|Any CPU
		{8CDBF5DB-0BEA-4F10-9AD6-821D14DB1C39}.Debug|Any CPU.Build.0 = Debug|Any CPU
		{8CDBF5DB-0BEA-4F10-9AD6-821D14DB1C39}.Release|Any CPU.ActiveCfg = Release|Any CPU
		{8CDBF5DB-0BEA-4F10-9AD6-821D14DB1C39}.Release|Any CPU.Build.0 = Release|Any CPU
		{D4CEDA86-D0CF-4962-BE7C-6D7845F65D1C}.Debug|Any CPU.ActiveCfg = Debug|Any CPU
		{D4CEDA86-D0CF-4962-BE7C-6D7845F65D1C}.Debug|Any CPU.Build.0 = Debug|Any CPU
		{D4CEDA86-D0CF-4962-BE7C-6D7845F65D1C}.Release|Any CPU.ActiveCfg = Release|Any CPU
		{D4CEDA86-D0CF-4962-BE7C-6D7845F65D1C}.Release|Any CPU.Build.0 = Release|Any CPU
	EndGlobalSection
	GlobalSection(SolutionProperties) = preSolution
		HideSolutionNode = FALSE
	EndGlobalSection
	GlobalSection(ExtensibilityGlobals) = postSolution
		SolutionGuid = {766DC5EA-AC57-47FB-ABF8-E6A8132CE62D}
	EndGlobalSection
EndGlobal
